// !$*UTF8*$!
{
	archiveVersion = 1;
	classes = {
	};
	objectVersion = 56;
	objects = {

/* Begin PBXBuildFile section */
		82B76BA9D32803E5AAA59AFB /* Pods_JXCategoryViewBug.framework in Frameworks */ = {isa = PBXBuildFile; fileRef = ED070C55B5DC3ECF1B61856B /* Pods_JXCategoryViewBug.framework */; };
		AA2893E22C0C061A00D8D125 /* AppDelegate.m in Sources */ = {isa = PBXBuildFile; fileRef = AA2893E12C0C061A00D8D125 /* AppDelegate.m */; };
		AA2893E52C0C061A00D8D125 /* SceneDelegate.m in Sources */ = {isa = PBXBuildFile; fileRef = AA2893E42C0C061A00D8D125 /* SceneDelegate.m */; };
		AA2893E82C0C061A00D8D125 /* ViewController.m in Sources */ = {isa = PBXBuildFile; fileRef = AA2893E72C0C061A00D8D125 /* ViewController.m */; };
		AA2893EB2C0C061A00D8D125 /* Main.storyboard in Resources */ = {isa = PBXBuildFile; fileRef = AA2893E92C0C061A00D8D125 /* Main.storyboard */; };
		AA2893ED2C0C061B00D8D125 /* Assets.xcassets in Resources */ = {isa = PBXBuildFile; fileRef = AA2893EC2C0C061B00D8D125 /* Assets.xcassets */; };
		AA2893F02C0C061B00D8D125 /* LaunchScreen.storyboard in Resources */ = {isa = PBXBuildFile; fileRef = AA2893EE2C0C061B00D8D125 /* LaunchScreen.storyboard */; };
		AA2893F32C0C061B00D8D125 /* main.m in Sources */ = {isa = PBXBuildFile; fileRef = AA2893F22C0C061B00D8D125 /* main.m */; };
		AA2893FB2C0C0D2100D8D125 /* AAContentView.m in Sources */ = {isa = PBXBuildFile; fileRef = AA2893FA2C0C0D2100D8D125 /* AAContentView.m */; };
/* End PBXBuildFile section */

/* Begin PBXFileReference section */
		2D74122E71CE5D0CA751A549 /* Pods-JXCategoryViewBug.debug.xcconfig */ = {isa = PBXFileReference; includeInIndex = 1; lastKnownFileType = text.xcconfig; name = "Pods-JXCategoryViewBug.debug.xcconfig"; path = "Target Support Files/Pods-JXCategoryViewBug/Pods-JXCategoryViewBug.debug.xcconfig"; sourceTree = "<group>"; };
		7C886AAF21C243A2AB7003DC /* Pods-JXCategoryViewBug.release.xcconfig */ = {isa = PBXFileReference; includeInIndex = 1; lastKnownFileType = text.xcconfig; name = "Pods-JXCategoryViewBug.release.xcconfig"; path = "Target Support Files/Pods-JXCategoryViewBug/Pods-JXCategoryViewBug.release.xcconfig"; sourceTree = "<group>"; };
		AA2893DD2C0C061A00D8D125 /* JXCategoryViewBug.app */ = {isa = PBXFileReference; explicitFileType = wrapper.application; includeInIndex = 0; path = JXCategoryViewBug.app; sourceTree = BUILT_PRODUCTS_DIR; };
		AA2893E02C0C061A00D8D125 /* AppDelegate.h */ = {isa = PBXFileReference; lastKnownFileType = sourcecode.c.h; path = AppDelegate.h; sourceTree = "<group>"; };
		AA2893E12C0C061A00D8D125 /* AppDelegate.m */ = {isa = PBXFileReference; lastKnownFileType = sourcecode.c.objc; path = AppDelegate.m; sourceTree = "<group>"; };
		AA2893E32C0C061A00D8D125 /* SceneDelegate.h */ = {isa = PBXFileReference; lastKnownFileType = sourcecode.c.h; path = SceneDelegate.h; sourceTree = "<group>"; };
		AA2893E42C0C061A00D8D125 /* SceneDelegate.m */ = {isa = PBXFileReference; lastKnownFileType = sourcecode.c.objc; path = SceneDelegate.m; sourceTree = "<group>"; };
		AA2893E62C0C061A00D8D125 /* ViewController.h */ = {isa = PBXFileReference; lastKnownFileType = sourcecode.c.h; path = ViewController.h; sourceTree = "<group>"; };
		AA2893E72C0C061A00D8D125 /* ViewController.m */ = {isa = PBXFileReference; lastKnownFileType = sourcecode.c.objc; path = ViewController.m; sourceTree = "<group>"; };
		AA2893EA2C0C061A00D8D125 /* Base */ = {isa = PBXFileReference; lastKnownFileType = file.storyboard; name = Base; path = Base.lproj/Main.storyboard; sourceTree = "<group>"; };
		AA2893EC2C0C061B00D8D125 /* Assets.xcassets */ = {isa = PBXFileReference; lastKnownFileType = folder.assetcatalog; path = Assets.xcassets; sourceTree = "<group>"; };
		AA2893EF2C0C061B00D8D125 /* Base */ = {isa = PBXFileReference; lastKnownFileType = file.storyboard; name = Base; path = Base.lproj/LaunchScreen.storyboard; sourceTree = "<group>"; };
		AA2893F12C0C061B00D8D125 /* Info.plist */ = {isa = PBXFileReference; lastKnownFileType = text.plist.xml; path = Info.plist; sourceTree = "<group>"; };
		AA2893F22C0C061B00D8D125 /* main.m */ = {isa = PBXFileReference; lastKnownFileType = sourcecode.c.objc; path = main.m; sourceTree = "<group>"; };
		AA2893F92C0C0D2100D8D125 /* AAContentView.h */ = {isa = PBXFileReference; lastKnownFileType = sourcecode.c.h; path = AAContentView.h; sourceTree = "<group>"; };
		AA2893FA2C0C0D2100D8D125 /* AAContentView.m */ = {isa = PBXFileReference; lastKnownFileType = sourcecode.c.objc; path = AAContentView.m; sourceTree = "<group>"; };
		ED070C55B5DC3ECF1B61856B /* Pods_JXCategoryViewBug.framework */ = {isa = PBXFileReference; explicitFileType = wrapper.framework; includeInIndex = 0; path = Pods_JXCategoryViewBug.framework; sourceTree = BUILT_PRODUCTS_DIR; };
/* End PBXFileReference section */

/* Begin PBXFrameworksBuildPhase section */
		AA2893DA2C0C061A00D8D125 /* Frameworks */ = {
			isa = PBXFrameworksBuildPhase;
			buildActionMask = 2147483647;
			files = (
				82B76BA9D32803E5AAA59AFB /* Pods_JXCategoryViewBug.framework in Frameworks */,
			);
			runOnlyForDeploymentPostprocessing = 0;
		};
/* End PBXFrameworksBuildPhase section */

/* Begin PBXGroup section */
		268F7C0CBC1B0041CDA6D7EC /* Frameworks */ = {
			isa = PBXGroup;
			children = (
				ED070C55B5DC3ECF1B61856B /* Pods_JXCategoryViewBug.framework */,
			);
			name = Frameworks;
			sourceTree = "<group>";
		};
		AA2893D42C0C061A00D8D125 = {
			isa = PBXGroup;
			children = (
				AA2893DF2C0C061A00D8D125 /* JXCategoryViewBug */,
				AA2893DE2C0C061A00D8D125 /* Products */,
				E2B2AB56C881638C247315C1 /* Pods */,
				268F7C0CBC1B0041CDA6D7EC /* Frameworks */,
			);
			sourceTree = "<group>";
		};
		AA2893DE2C0C061A00D8D125 /* Products */ = {
			isa = PBXGroup;
			children = (
				AA2893DD2C0C061A00D8D125 /* JXCategoryViewBug.app */,
			);
			name = Products;
			sourceTree = "<group>";
		};
		AA2893DF2C0C061A00D8D125 /* JXCategoryViewBug */ = {
			isa = PBXGroup;
			children = (
				AA2893E02C0C061A00D8D125 /* AppDelegate.h */,
				AA2893E12C0C061A00D8D125 /* AppDelegate.m */,
				AA2893E32C0C061A00D8D125 /* SceneDelegate.h */,
				AA2893E42C0C061A00D8D125 /* SceneDelegate.m */,
				AA2893E62C0C061A00D8D125 /* ViewController.h */,
				AA2893E72C0C061A00D8D125 /* ViewController.m */,
				AA2893F92C0C0D2100D8D125 /* AAContentView.h */,
				AA2893FA2C0C0D2100D8D125 /* AAContentView.m */,
				AA2893E92C0C061A00D8D125 /* Main.storyboard */,
				AA2893EC2C0C061B00D8D125 /* Assets.xcassets */,
				AA2893EE2C0C061B00D8D125 /* LaunchScreen.storyboard */,
				AA2893F12C0C061B00D8D125 /* Info.plist */,
				AA2893F22C0C061B00D8D125 /* main.m */,
			);
			path = JXCategoryViewBug;
			sourceTree = "<group>";
		};
		E2B2AB56C881638C247315C1 /* Pods */ = {
			isa = PBXGroup;
			children = (
				2D74122E71CE5D0CA751A549 /* Pods-JXCategoryViewBug.debug.xcconfig */,
				7C886AAF21C243A2AB7003DC /* Pods-JXCategoryViewBug.release.xcconfig */,
			);
			path = Pods;
			sourceTree = "<group>";
		};
/* End PBXGroup section */

/* Begin PBXNativeTarget section */
		AA2893DC2C0C061A00D8D125 /* JXCategoryViewBug */ = {
			isa = PBXNativeTarget;
			buildConfigurationList = AA2893F62C0C061B00D8D125 /* Build configuration list for PBXNativeTarget "JXCategoryViewBug" */;
			buildPhases = (
				CFE7199895FC3D000278D956 /* [CP] Check Pods Manifest.lock */,
				AA2893D92C0C061A00D8D125 /* Sources */,
				AA2893DA2C0C061A00D8D125 /* Frameworks */,
				AA2893DB2C0C061A00D8D125 /* Resources */,
				A3E13F0CA803D39899DA13EF /* [CP] Embed Pods Frameworks */,
			);
			buildRules = (
			);
			dependencies = (
			);
			name = JXCategoryViewBug;
			productName = JXCategoryViewBug;
			productReference = AA2893DD2C0C061A00D8D125 /* JXCategoryViewBug.app */;
			productType = "com.apple.product-type.application";
		};
/* End PBXNativeTarget section */

/* Begin PBXProject section */
		AA2893D52C0C061A00D8D125 /* Project object */ = {
			isa = PBXProject;
			attributes = {
				BuildIndependentTargetsInParallel = 1;
				LastUpgradeCheck = 1500;
				TargetAttributes = {
					AA2893DC2C0C061A00D8D125 = {
						CreatedOnToolsVersion = 15.0.1;
					};
				};
			};
			buildConfigurationList = AA2893D82C0C061A00D8D125 /* Build configuration list for PBXProject "JXCategoryViewBug" */;
			compatibilityVersion = "Xcode 14.0";
			developmentRegion = en;
			hasScannedForEncodings = 0;
			knownRegions = (
				en,
				Base,
			);
			mainGroup = AA2893D42C0C061A00D8D125;
			productRefGroup = AA2893DE2C0C061A00D8D125 /* Products */;
			projectDirPath = "";
			projectRoot = "";
			targets = (
				AA2893DC2C0C061A00D8D125 /* JXCategoryViewBug */,
			);
		};
/* End PBXProject section */

/* Begin PBXResourcesBuildPhase section */
		AA2893DB2C0C061A00D8D125 /* Resources */ = {
			isa = PBXResourcesBuildPhase;
			buildActionMask = 2147483647;
			files = (
				AA2893F02C0C061B00D8D125 /* LaunchScreen.storyboard in Resources */,
				AA2893ED2C0C061B00D8D125 /* Assets.xcassets in Resources */,
				AA2893EB2C0C061A00D8D125 /* Main.storyboard in Resources */,
			);
			runOnlyForDeploymentPostprocessing = 0;
		};
/* End PBXResourcesBuildPhase section */

/* Begin PBXShellScriptBuildPhase section */
		A3E13F0CA803D39899DA13EF /* [CP] Embed Pods Frameworks */ = {
			isa = PBXShellScriptBuildPhase;
			buildActionMask = 2147483647;
			files = (
			);
			inputFileListPaths = (
				"${PODS_ROOT}/Target Support Files/Pods-JXCategoryViewBug/Pods-JXCategoryViewBug-frameworks-${CONFIGURATION}-input-files.xcfilelist",
			);
			name = "[CP] Embed Pods Frameworks";
			outputFileListPaths = (
				"${PODS_ROOT}/Target Support Files/Pods-JXCategoryViewBug/Pods-JXCategoryViewBug-frameworks-${CONFIGURATION}-output-files.xcfilelist",
			);
			runOnlyForDeploymentPostprocessing = 0;
			shellPath = /bin/sh;
			shellScript = "\"${PODS_ROOT}/Target Support Files/Pods-JXCategoryViewBug/Pods-JXCategoryViewBug-frameworks.sh\"\n";
			showEnvVarsInLog = 0;
		};
		CFE7199895FC3D000278D956 /* [CP] Check Pods Manifest.lock */ = {
			isa = PBXShellScriptBuildPhase;
			buildActionMask = 2147483647;
			files = (
			);
			inputFileListPaths = (
			);
			inputPaths = (
				"${PODS_PODFILE_DIR_PATH}/Podfile.lock",
				"${PODS_ROOT}/Manifest.lock",
			);
			name = "[CP] Check Pods Manifest.lock";
			outputFileListPaths = (
			);
			outputPaths = (
				"$(DERIVED_FILE_DIR)/Pods-JXCategoryViewBug-checkManifestLockResult.txt",
			);
			runOnlyForDeploymentPostprocessing = 0;
			shellPath = /bin/sh;
			shellScript = "diff \"${PODS_PODFILE_DIR_PATH}/Podfile.lock\" \"${PODS_ROOT}/Manifest.lock\" > /dev/null\nif [ $? != 0 ] ; then\n    # print error to STDERR\n    echo \"error: The sandbox is not in sync with the Podfile.lock. Run 'pod install' or update your CocoaPods installation.\" >&2\n    exit 1\nfi\n# This output is used by Xcode 'outputs' to avoid re-running this script phase.\necho \"SUCCESS\" > \"${SCRIPT_OUTPUT_FILE_0}\"\n";
			showEnvVarsInLog = 0;
		};
/* End PBXShellScriptBuildPhase section */

/* Begin PBXSourcesBuildPhase section */
		AA2893D92C0C061A00D8D125 /* Sources */ = {
			isa = PBXSourcesBuildPhase;
			buildActionMask = 2147483647;
			files = (
				AA2893E82C0C061A00D8D125 /* ViewController.m in Sources */,
				AA2893E22C0C061A00D8D125 /* AppDelegate.m in Sources */,
				AA2893F32C0C061B00D8D125 /* main.m in Sources */,
				AA2893E52C0C061A00D8D125 /* SceneDelegate.m in Sources */,
				AA2893FB2C0C0D2100D8D125 /* AAContentView.m in Sources */,
			);
			runOnlyForDeploymentPostprocessing = 0;
		};
/* End PBXSourcesBuildPhase section */

/* Begin PBXVariantGroup section */
		AA2893E92C0C061A00D8D125 /* Main.storyboard */ = {
			isa = PBXVariantGroup;
			children = (
				AA2893EA2C0C061A00D8D125 /* Base */,
			);
			name = Main.storyboard;
			sourceTree = "<group>";
		};
		AA2893EE2C0C061B00D8D125 /* LaunchScreen.storyboard */ = {
			isa = PBXVariantGroup;
			children = (
				AA2893EF2C0C061B00D8D125 /* Base */,
			);
			name = LaunchScreen.storyboard;
			sourceTree = "<group>";
		};
/* End PBXVariantGroup section */

/* Begin XCBuildConfiguration section */
		AA2893F42C0C061B00D8D125 /* Debug */ = {
			isa = XCBuildConfiguration;
			buildSettings = {
				ALWAYS_SEARCH_USER_PATHS = NO;
				ASSETCATALOG_COMPILER_GENERATE_SWIFT_ASSET_SYMBOL_EXTENSIONS = YES;
				CLANG_ANALYZER_NONNULL = YES;
				CLANG_ANALYZER_NUMBER_OBJECT_CONVERSION = YES_AGGRESSIVE;
				CLANG_CXX_LANGUAGE_STANDARD = "gnu++20";
				CLANG_ENABLE_MODULES = YES;
				CLANG_ENABLE_OBJC_ARC = YES;
				CLANG_ENABLE_OBJC_WEAK = YES;
				CLANG_WARN_BLOCK_CAPTURE_AUTORELEASING = YES;
				CLANG_WARN_BOOL_CONVERSION = YES;
				CLANG_WARN_COMMA = YES;
				CLANG_WARN_CONSTANT_CONVERSION = YES;
				CLANG_WARN_DEPRECATED_OBJC_IMPLEMENTATIONS = YES;
				CLANG_WARN_DIRECT_OBJC_ISA_USAGE = YES_ERROR;
				CLANG_WARN_DOCUMENTATION_COMMENTS = YES;
				CLANG_WARN_EMPTY_BODY = YES;
				CLANG_WARN_ENUM_CONVERSION = YES;
				CLANG_WARN_INFINITE_RECURSION = YES;
				CLANG_WARN_INT_CONVERSION = YES;
				CLANG_WARN_NON_LITERAL_NULL_CONVERSION = YES;
				CLANG_WARN_OBJC_IMPLICIT_RETAIN_SELF = YES;
				CLANG_WARN_OBJC_LITERAL_CONVERSION = YES;
				CLANG_WARN_OBJC_ROOT_CLASS = YES_ERROR;
				CLANG_WARN_QUOTED_INCLUDE_IN_FRAMEWORK_HEADER = YES;
				CLANG_WARN_RANGE_LOOP_ANALYSIS = YES;
				CLANG_WARN_STRICT_PROTOTYPES = YES;
				CLANG_WARN_SUSPICIOUS_MOVE = YES;
				CLANG_WARN_UNGUARDED_AVAILABILITY = YES_AGGRESSIVE;
				CLANG_WARN_UNREACHABLE_CODE = YES;
				CLANG_WARN__DUPLICATE_METHOD_MATCH = YES;
				COPY_PHASE_STRIP = NO;
				DEBUG_INFORMATION_FORMAT = dwarf;
				ENABLE_STRICT_OBJC_MSGSEND = YES;
				ENABLE_TESTABILITY = YES;
				ENABLE_USER_SCRIPT_SANDBOXING = YES;
				GCC_C_LANGUAGE_STANDARD = gnu17;
				GCC_DYNAMIC_NO_PIC = NO;
				GCC_NO_COMMON_BLOCKS = YES;
				GCC_OPTIMIZATION_LEVEL = 0;
				GCC_PREPROCESSOR_DEFINITIONS = (
					"DEBUG=1",
					"$(inherited)",
				);
				GCC_WARN_64_TO_32_BIT_CONVERSION = YES;
				GCC_WARN_ABOUT_RETURN_TYPE = YES_ERROR;
				GCC_WARN_UNDECLARED_SELECTOR = YES;
				GCC_WARN_UNINITIALIZED_AUTOS = YES_AGGRESSIVE;
				GCC_WARN_UNUSED_FUNCTION = YES;
				GCC_WARN_UNUSED_VARIABLE = YES;
				IPHONEOS_DEPLOYMENT_TARGET = 15.4;
				LOCALIZATION_PREFERS_STRING_CATALOGS = YES;
				MTL_ENABLE_DEBUG_INFO = INCLUDE_SOURCE;
				MTL_FAST_MATH = YES;
				ONLY_ACTIVE_ARCH = YES;
				SDKROOT = iphoneos;
			};
			name = Debug;
		};
		AA2893F52C0C061B00D8D125 /* Release */ = {
			isa = XCBuildConfiguration;
			buildSettings = {
				ALWAYS_SEARCH_USER_PATHS = NO;
				ASSETCATALOG_COMPILER_GENERATE_SWIFT_ASSET_SYMBOL_EXTENSIONS = YES;
				CLANG_ANALYZER_NONNULL = YES;
				CLANG_ANALYZER_NUMBER_OBJECT_CONVERSION = YES_AGGRESSIVE;
				CLANG_CXX_LANGUAGE_STANDARD = "gnu++20";
				CLANG_ENABLE_MODULES = YES;
				CLANG_ENABLE_OBJC_ARC = YES;
				CLANG_ENABLE_OBJC_WEAK = YES;
				CLANG_WARN_BLOCK_CAPTURE_AUTORELEASING = YES;
				CLANG_WARN_BOOL_CONVERSION = YES;
				CLANG_WARN_COMMA = YES;
				CLANG_WARN_CONSTANT_CONVERSION = YES;
				CLANG_WARN_DEPRECATED_OBJC_IMPLEMENTATIONS = YES;
				CLANG_WARN_DIRECT_OBJC_ISA_USAGE = YES_ERROR;
				CLANG_WARN_DOCUMENTATION_COMMENTS = YES;
				CLANG_WARN_EMPTY_BODY = YES;
				CLANG_WARN_ENUM_CONVERSION = YES;
				CLANG_WARN_INFINITE_RECURSION = YES;
				CLANG_WARN_INT_CONVERSION = YES;
				CLANG_WARN_NON_LITERAL_NULL_CONVERSION = YES;
				CLANG_WARN_OBJC_IMPLICIT_RETAIN_SELF = YES;
				CLANG_WARN_OBJC_LITERAL_CONVERSION = YES;
				CLANG_WARN_OBJC_ROOT_CLASS = YES_ERROR;
				CLANG_WARN_QUOTED_INCLUDE_IN_FRAMEWORK_HEADER = YES;
				CLANG_WARN_RANGE_LOOP_ANALYSIS = YES;
				CLANG_WARN_STRICT_PROTOTYPES = YES;
				CLANG_WARN_SUSPICIOUS_MOVE = YES;
				CLANG_WARN_UNGUARDED_AVAILABILITY = YES_AGGRESSIVE;
				CLANG_WARN_UNREACHABLE_CODE = YES;
				CLANG_WARN__DUPLICATE_METHOD_MATCH = YES;
				COPY_PHASE_STRIP = NO;
				DEBUG_INFORMATION_FORMAT = "dwarf-with-dsym";
				ENABLE_NS_ASSERTIONS = NO;
				ENABLE_STRICT_OBJC_MSGSEND = YES;
				ENABLE_USER_SCRIPT_SANDBOXING = YES;
				GCC_C_LANGUAGE_STANDARD = gnu17;
				GCC_NO_COMMON_BLOCKS = YES;
				GCC_WARN_64_TO_32_BIT_CONVERSION = YES;
				GCC_WARN_ABOUT_RETURN_TYPE = YES_ERROR;
				GCC_WARN_UNDECLARED_SELECTOR = YES;
				GCC_WARN_UNINITIALIZED_AUTOS = YES_AGGRESSIVE;
				GCC_WARN_UNUSED_FUNCTION = YES;
				GCC_WARN_UNUSED_VARIABLE = YES;
				IPHONEOS_DEPLOYMENT_TARGET = 15.4;
				LOCALIZATION_PREFERS_STRING_CATALOGS = YES;
				MTL_ENABLE_DEBUG_INFO = NO;
				MTL_FAST_MATH = YES;
				SDKROOT = iphoneos;
				VALIDATE_PRODUCT = YES;
			};
			name = Release;
		};
		AA2893F72C0C061B00D8D125 /* Debug */ = {
			isa = XCBuildConfiguration;
			baseConfigurationReference = 2D74122E71CE5D0CA751A549 /* Pods-JXCategoryViewBug.debug.xcconfig */;
			buildSettings = {
				ASSETCATALOG_COMPILER_APPICON_NAME = AppIcon;
				ASSETCATALOG_COMPILER_GLOBAL_ACCENT_COLOR_NAME = AccentColor;
				CODE_SIGN_STYLE = Automatic;
				CURRENT_PROJECT_VERSION = 1;
				DEVELOPMENT_TEAM = PLTT4Z4US7;
				ENABLE_USER_SCRIPT_SANDBOXING = NO;
				GENERATE_INFOPLIST_FILE = YES;
				INFOPLIST_FILE = JXCategoryViewBug/Info.plist;
				INFOPLIST_KEY_UIApplicationSupportsIndirectInputEvents = YES;
				INFOPLIST_KEY_UILaunchStoryboardName = LaunchScreen;
				INFOPLIST_KEY_UIMainStoryboardFile = Main;
				INFOPLIST_KEY_UISupportedInterfaceOrientations_iPad = "UIInterfaceOrientationPortrait UIInterfaceOrientationPortraitUpsideDown UIInterfaceOrientationLandscapeLeft UIInterfaceOrientationLandscapeRight";
				INFOPLIST_KEY_UISupportedInterfaceOrientations_iPhone = "UIInterfaceOrientationPortrait UIInterfaceOrientationLandscapeLeft UIInterfaceOrientationLandscapeRight";
				LD_RUNPATH_SEARCH_PATHS = (
					"$(inherited)",
					"@executable_path/Frameworks",
				);
				MARKETING_VERSION = 1.0;
				PRODUCT_BUNDLE_IDENTIFIER = JXCategoryViewBug.JXCategoryViewBug;
				PRODUCT_NAME = "$(TARGET_NAME)";
				SWIFT_EMIT_LOC_STRINGS = YES;
				TARGETED_DEVICE_FAMILY = "1,2";
			};
			name = Debug;
		};
		AA2893F82C0C061B00D8D125 /* Release */ = {
			isa = XCBuildConfiguration;
			baseConfigurationReference = 7C886AAF21C243A2AB7003DC /* Pods-JXCategoryViewBug.release.xcconfig */;
			buildSettings = {
				ASSETCATALOG_COMPILER_APPICON_NAME = AppIcon;
				ASSETCATALOG_COMPILER_GLOBAL_ACCENT_COLOR_NAME = AccentColor;
				CODE_SIGN_STYLE = Automatic;
				CURRENT_PROJECT_VERSION = 1;
				DEVELOPMENT_TEAM = PLTT4Z4US7;
				ENABLE_USER_SCRIPT_SANDBOXING = NO;
				GENERATE_INFOPLIST_FILE = YES;
				INFOPLIST_FILE = JXCategoryViewBug/Info.plist;
				INFOPLIST_KEY_UIApplicationSupportsIndirectInputEvents = YES;
				INFOPLIST_KEY_UILaunchStoryboardName = LaunchScreen;
				INFOPLIST_KEY_UIMainStoryboardFile = Main;
				INFOPLIST_KEY_UISupportedInterfaceOrientations_iPad = "UIInterfaceOrientationPortrait UIInterfaceOrientationPortraitUpsideDown UIInterfaceOrientationLandscapeLeft UIInterfaceOrientationLandscapeRight";
				INFOPLIST_KEY_UISupportedInterfaceOrientations_iPhone = "UIInterfaceOrientationPortrait UIInterfaceOrientationLandscapeLeft UIInterfaceOrientationLandscapeRight";
				LD_RUNPATH_SEARCH_PATHS = (
					"$(inherited)",
					"@executable_path/Frameworks",
				);
				MARKETING_VERSION = 1.0;
				PRODUCT_BUNDLE_IDENTIFIER = JXCategoryViewBug.JXCategoryViewBug;
				PRODUCT_NAME = "$(TARGET_NAME)";
				SWIFT_EMIT_LOC_STRINGS = YES;
				TARGETED_DEVICE_FAMILY = "1,2";
			};
			name = Release;
		};
/* End XCBuildConfiguration section */

/* Begin XCConfigurationList section */
		AA2893D82C0C061A00D8D125 /* Build configuration list for PBXProject "JXCategoryViewBug" */ = {
			isa = XCConfigurationList;
			buildConfigurations = (
				AA2893F42C0C061B00D8D125 /* Debug */,
				AA2893F52C0C061B00D8D125 /* Release */,
			);
			defaultConfigurationIsVisible = 0;
			defaultConfigurationName = Release;
		};
		AA2893F62C0C061B00D8D125 /* Build configuration list for PBXNativeTarget "JXCategoryViewBug" */ = {
			isa = XCConfigurationList;
			buildConfigurations = (
				AA2893F72C0C061B00D8D125 /* Debug */,
				AA2893F82C0C061B00D8D125 /* Release */,
			);
			defaultConfigurationIsVisible = 0;
			defaultConfigurationName = Release;
		};
/* End XCConfigurationList section */
	};
	rootObject = AA2893D52C0C061A00D8D125 /* Project object */;
}
